
Microsoft Visual Studio Solution File, Format Version 12.00
# Visual Studio 2013
VisualStudioVersion = 12.0.40629.0
MinimumVisualStudioVersion = 10.0.40219.1
Project("{FAE04EC0-301F-11D3-BF4B-00C04F79EFBC}") = "ShareWealth.Web", "ShareWealth.Web\ShareWealth.Web.csproj", "{8B5F2745-5E13-4FC6-A8C6-C113BBF16006}"
EndProject
Project("{FAE04EC0-301F-11D3-BF4B-00C04F79EFBC}") = "ShareWealth.Core", "ShareWealth.Core\ShareWealth.Core.csproj", "{CF55FE68-A118-460D-AE32-76FBFDE1DBF2}"
EndProject
Project("{FAE04EC0-301F-11D3-BF4B-00C04F79EFBC}") = "ShareWealth.Infrastructure", "ShareWealth.Infrastructure\ShareWealth.Infrastructure.csproj", "{76F8B3E3-8910-4050-A32C-7B9340118386}"
EndProject
Project("{FAE04EC0-301F-11D3-BF4B-00C04F79EFBC}") = "ShareWealth.Web.Test", "ShareWealth.Web.Test\ShareWealth.Web.Test.csproj", "{F5E6F2C1-3D1A-4D92-A0EF-89035C1ACE7F}"
EndProject
Global
	GlobalSection(SolutionConfigurationPlatforms) = preSolution
		Debug|Any CPU = Debug|Any CPU
		Release|Any CPU = Release|Any CPU
	EndGlobalSection
	GlobalSection(ProjectConfigurationPlatforms) = postSolution
		{8B5F2745-5E13-4FC6-A8C6-C113BBF16006}.Debug|Any CPU.ActiveCfg = Debug|Any CPU
		{8B5F2745-5E13-4FC6-A8C6-C113BBF16006}.Debug|Any CPU.Build.0 = Debug|Any CPU
		{8B5F2745-5E13-4FC6-A8C6-C113BBF16006}.Release|Any CPU.ActiveCfg = Release|Any CPU
		{8B5F2745-5E13-4FC6-A8C6-C113BBF16006}.Release|Any CPU.Build.0 = Release|Any CPU
		{CF55FE68-A118-460D-AE32-76FBFDE1DBF2}.Debug|Any CPU.ActiveCfg = Debug|Any CPU
		{CF55FE68-A118-460D-AE32-76FBFDE1DBF2}.Debug|Any CPU.Build.0 = Debug|Any CPU
		{CF55FE68-A118-460D-AE32-76FBFDE1DBF2}.Release|Any CPU.ActiveCfg = Release|Any CPU
		{CF55FE68-A118-460D-AE32-76FBFDE1DBF2}.Release|Any CPU.Build.0 = Release|Any CPU
		{76F8B3E3-8910-4050-A32C-7B9340118386}.Debug|Any CPU.ActiveCfg = Debug|Any CPU
		{76F8B3E3-8910-4050-A32C-7B9340118386}.Debug|Any CPU.Build.0 = Debug|Any CPU
		{76F8B3E3-8910-4050-A32C-7B9340118386}.Release|Any CPU.ActiveCfg = Release|Any CPU
		{76F8B3E3-8910-4050-A32C-7B9340118386}.Release|Any CPU.Build.0 = Release|Any CPU
		{F5E6F2C1-3D1A-4D92-A0EF-89035C1ACE7F}.Debug|Any CPU.ActiveCfg = Debug|Any CPU
		{F5E6F2C1-3D1A-4D92-A0EF-89035C1ACE7F}.Debug|Any CPU.Build.0 = Debug|Any CPU
		{F5E6F2C1-3D1A-4D92-A0EF-89035C1ACE7F}.Release|Any CPU.ActiveCfg = Release|Any CPU
		{F5E6F2C1-3D1A-4D92-A0EF-89035C1ACE7F}.Release|Any CPU.Build.0 = Release|Any CPU
	EndGlobalSection
	GlobalSection(SolutionProperties) = preSolution
		HideSolutionNode = FALSE
	EndGlobalSection
EndGlobal
